// !$*UTF8*$!
{
	archiveVersion = 1;
	classes = {
	};
	objectVersion = 48;
	objects = {

/* Begin PBXBuildFile section */
		7BE85DC22014BDC200B73846 /* AppDelegate.swift in Sources */ = {isa = PBXBuildFile; fileRef = 7BE85DC12014BDC200B73846 /* AppDelegate.swift */; };
		7BE85DC72014BDC200B73846 /* Main.storyboard in Resources */ = {isa = PBXBuildFile; fileRef = 7BE85DC52014BDC200B73846 /* Main.storyboard */; };
		7BE85DC92014BDC200B73846 /* Assets.xcassets in Resources */ = {isa = PBXBuildFile; fileRef = 7BE85DC82014BDC200B73846 /* Assets.xcassets */; };
		7BE85DCC2014BDC200B73846 /* LaunchScreen.storyboard in Resources */ = {isa = PBXBuildFile; fileRef = 7BE85DCA2014BDC200B73846 /* LaunchScreen.storyboard */; };
		7BE85DD72014BDC200B73846 /* GiniAppsAdaptationTests.swift in Sources */ = {isa = PBXBuildFile; fileRef = 7BE85DD62014BDC200B73846 /* GiniAppsAdaptationTests.swift */; };
		7BE85DE22014BDC200B73846 /* GiniAppsAdaptationUITests.swift in Sources */ = {isa = PBXBuildFile; fileRef = 7BE85DE12014BDC200B73846 /* GiniAppsAdaptationUITests.swift */; };
		7BE85DF42014BE5000B73846 /* PeopleTableViewCell.swift in Sources */ = {isa = PBXBuildFile; fileRef = 7BE85DF22014BE5000B73846 /* PeopleTableViewCell.swift */; };
		7BE85DF52014BE5000B73846 /* PeopleTableViewCell.xib in Resources */ = {isa = PBXBuildFile; fileRef = 7BE85DF32014BE5000B73846 /* PeopleTableViewCell.xib */; };
		7BE85DF82014BE9E00B73846 /* People.swift in Sources */ = {isa = PBXBuildFile; fileRef = 7BE85DF72014BE9E00B73846 /* People.swift */; };
		7BE85DFB2014C0B900B73846 /* PeopleRequest.swift in Sources */ = {isa = PBXBuildFile; fileRef = 7BE85DFA2014C0B900B73846 /* PeopleRequest.swift */; };
		7BE85DFD2014C10300B73846 /* HTTPRequest.swift in Sources */ = {isa = PBXBuildFile; fileRef = 7BE85DFC2014C10300B73846 /* HTTPRequest.swift */; };
		7BE85DFF2014DAA000B73846 /* PeopleViewController.swift in Sources */ = {isa = PBXBuildFile; fileRef = 7BE85DFE2014DAA000B73846 /* PeopleViewController.swift */; };
/* End PBXBuildFile section */

/* Begin PBXContainerItemProxy section */
		7BE85DD32014BDC200B73846 /* PBXContainerItemProxy */ = {
			isa = PBXContainerItemProxy;
			containerPortal = 7BE85DB62014BDC100B73846 /* Project object */;
			proxyType = 1;
			remoteGlobalIDString = 7BE85DBD2014BDC200B73846;
			remoteInfo = GiniAppsAdaptation;
		};
		7BE85DDE2014BDC200B73846 /* PBXContainerItemProxy */ = {
			isa = PBXContainerItemProxy;
			containerPortal = 7BE85DB62014BDC100B73846 /* Project object */;
			proxyType = 1;
			remoteGlobalIDString = 7BE85DBD2014BDC200B73846;
			remoteInfo = GiniAppsAdaptation;
		};
/* End PBXContainerItemProxy section */

/* Begin PBXFileReference section */
		7BE85DBE2014BDC200B73846 /* GiniAppsAdaptation.app */ = {isa = PBXFileReference; explicitFileType = wrapper.application; includeInIndex = 0; path = GiniAppsAdaptation.app; sourceTree = BUILT_PRODUCTS_DIR; };
		7BE85DC12014BDC200B73846 /* AppDelegate.swift */ = {isa = PBXFileReference; lastKnownFileType = sourcecode.swift; path = AppDelegate.swift; sourceTree = "<group>"; };
		7BE85DC62014BDC200B73846 /* Base */ = {isa = PBXFileReference; lastKnownFileType = file.storyboard; name = Base; path = Base.lproj/Main.storyboard; sourceTree = "<group>"; };
		7BE85DC82014BDC200B73846 /* Assets.xcassets */ = {isa = PBXFileReference; lastKnownFileType = folder.assetcatalog; path = Assets.xcassets; sourceTree = "<group>"; };
		7BE85DCB2014BDC200B73846 /* Base */ = {isa = PBXFileReference; lastKnownFileType = file.storyboard; name = Base; path = Base.lproj/LaunchScreen.storyboard; sourceTree = "<group>"; };
		7BE85DCD2014BDC200B73846 /* Info.plist */ = {isa = PBXFileReference; lastKnownFileType = text.plist.xml; path = Info.plist; sourceTree = "<group>"; };
		7BE85DD22014BDC200B73846 /* GiniAppsAdaptationTests.xctest */ = {isa = PBXFileReference; explicitFileType = wrapper.cfbundle; includeInIndex = 0; path = GiniAppsAdaptationTests.xctest; sourceTree = BUILT_PRODUCTS_DIR; };
		7BE85DD62014BDC200B73846 /* GiniAppsAdaptationTests.swift */ = {isa = PBXFileReference; lastKnownFileType = sourcecode.swift; path = GiniAppsAdaptationTests.swift; sourceTree = "<group>"; };
		7BE85DD82014BDC200B73846 /* Info.plist */ = {isa = PBXFileReference; lastKnownFileType = text.plist.xml; path = Info.plist; sourceTree = "<group>"; };
		7BE85DDD2014BDC200B73846 /* GiniAppsAdaptationUITests.xctest */ = {isa = PBXFileReference; explicitFileType = wrapper.cfbundle; includeInIndex = 0; path = GiniAppsAdaptationUITests.xctest; sourceTree = BUILT_PRODUCTS_DIR; };
		7BE85DE12014BDC200B73846 /* GiniAppsAdaptationUITests.swift */ = {isa = PBXFileReference; lastKnownFileType = sourcecode.swift; path = GiniAppsAdaptationUITests.swift; sourceTree = "<group>"; };
		7BE85DE32014BDC200B73846 /* Info.plist */ = {isa = PBXFileReference; lastKnownFileType = text.plist.xml; path = Info.plist; sourceTree = "<group>"; };
		7BE85DF22014BE5000B73846 /* PeopleTableViewCell.swift */ = {isa = PBXFileReference; lastKnownFileType = sourcecode.swift; path = PeopleTableViewCell.swift; sourceTree = "<group>"; };
		7BE85DF32014BE5000B73846 /* PeopleTableViewCell.xib */ = {isa = PBXFileReference; lastKnownFileType = file.xib; path = PeopleTableViewCell.xib; sourceTree = "<group>"; };
		7BE85DF72014BE9E00B73846 /* People.swift */ = {isa = PBXFileReference; lastKnownFileType = sourcecode.swift; path = People.swift; sourceTree = "<group>"; };
		7BE85DFA2014C0B900B73846 /* PeopleRequest.swift */ = {isa = PBXFileReference; lastKnownFileType = sourcecode.swift; path = PeopleRequest.swift; sourceTree = "<group>"; };
		7BE85DFC2014C10300B73846 /* HTTPRequest.swift */ = {isa = PBXFileReference; lastKnownFileType = sourcecode.swift; path = HTTPRequest.swift; sourceTree = "<group>"; };
		7BE85DFE2014DAA000B73846 /* PeopleViewController.swift */ = {isa = PBXFileReference; lastKnownFileType = sourcecode.swift; path = PeopleViewController.swift; sourceTree = "<group>"; };
/* End PBXFileReference section */

/* Begin PBXFrameworksBuildPhase section */
		7BE85DBB2014BDC200B73846 /* Frameworks */ = {
			isa = PBXFrameworksBuildPhase;
			buildActionMask = 2147483647;
			files = (
			);
			runOnlyForDeploymentPostprocessing = 0;
		};
		7BE85DCF2014BDC200B73846 /* Frameworks */ = {
			isa = PBXFrameworksBuildPhase;
			buildActionMask = 2147483647;
			files = (
			);
			runOnlyForDeploymentPostprocessing = 0;
		};
		7BE85DDA2014BDC200B73846 /* Frameworks */ = {
			isa = PBXFrameworksBuildPhase;
			buildActionMask = 2147483647;
			files = (
			);
			runOnlyForDeploymentPostprocessing = 0;
		};
/* End PBXFrameworksBuildPhase section */

/* Begin PBXGroup section */
		7BE85DB52014BDC100B73846 = {
			isa = PBXGroup;
			children = (
				7BE85DC02014BDC200B73846 /* GiniAppsAdaptation */,
				7BE85DD52014BDC200B73846 /* GiniAppsAdaptationTests */,
				7BE85DE02014BDC200B73846 /* GiniAppsAdaptationUITests */,
				7BE85DBF2014BDC200B73846 /* Products */,
			);
			sourceTree = "<group>";
		};
		7BE85DBF2014BDC200B73846 /* Products */ = {
			isa = PBXGroup;
			children = (
				7BE85DBE2014BDC200B73846 /* GiniAppsAdaptation.app */,
				7BE85DD22014BDC200B73846 /* GiniAppsAdaptationTests.xctest */,
				7BE85DDD2014BDC200B73846 /* GiniAppsAdaptationUITests.xctest */,
			);
			name = Products;
			sourceTree = "<group>";
		};
		7BE85DC02014BDC200B73846 /* GiniAppsAdaptation */ = {
			isa = PBXGroup;
			children = (
				7BE85DF62014BE8900B73846 /* Model */,
				7BE85DF92014C09B00B73846 /* Services */,
				7BE85DFE2014DAA000B73846 /* PeopleViewController.swift */,
				7BE85DC52014BDC200B73846 /* Main.storyboard */,
				7BE85DF22014BE5000B73846 /* PeopleTableViewCell.swift */,
				7BE85DF32014BE5000B73846 /* PeopleTableViewCell.xib */,
				7BE85DEF2014BDED00B73846 /* Supporting Files */,
				7BE85DC82014BDC200B73846 /* Assets.xcassets */,
				7BE85DCD2014BDC200B73846 /* Info.plist */,
			);
			path = GiniAppsAdaptation;
			sourceTree = "<group>";
		};
		7BE85DD52014BDC200B73846 /* GiniAppsAdaptationTests */ = {
			isa = PBXGroup;
			children = (
				7BE85DD62014BDC200B73846 /* GiniAppsAdaptationTests.swift */,
				7BE85DD82014BDC200B73846 /* Info.plist */,
			);
			path = GiniAppsAdaptationTests;
			sourceTree = "<group>";
		};
		7BE85DE02014BDC200B73846 /* GiniAppsAdaptationUITests */ = {
			isa = PBXGroup;
			children = (
				7BE85DE12014BDC200B73846 /* GiniAppsAdaptationUITests.swift */,
				7BE85DE32014BDC200B73846 /* Info.plist */,
			);
			path = GiniAppsAdaptationUITests;
			sourceTree = "<group>";
		};
		7BE85DEF2014BDED00B73846 /* Supporting Files */ = {
			isa = PBXGroup;
			children = (
				7BE85DC12014BDC200B73846 /* AppDelegate.swift */,
				7BE85DCA2014BDC200B73846 /* LaunchScreen.storyboard */,
			);
			path = "Supporting Files";
			sourceTree = "<group>";
		};
		7BE85DF62014BE8900B73846 /* Model */ = {
			isa = PBXGroup;
			children = (
				7BE85DF72014BE9E00B73846 /* People.swift */,
			);
			path = Model;
			sourceTree = "<group>";
		};
		7BE85DF92014C09B00B73846 /* Services */ = {
			isa = PBXGroup;
			children = (
				7BE85DFA2014C0B900B73846 /* PeopleRequest.swift */,
				7BE85DFC2014C10300B73846 /* HTTPRequest.swift */,
			);
			path = Services;
			sourceTree = "<group>";
		};
/* End PBXGroup section */

/* Begin PBXNativeTarget section */
		7BE85DBD2014BDC200B73846 /* GiniAppsAdaptation */ = {
			isa = PBXNativeTarget;
			buildConfigurationList = 7BE85DE62014BDC200B73846 /* Build configuration list for PBXNativeTarget "GiniAppsAdaptation" */;
			buildPhases = (
				7BE85DBA2014BDC200B73846 /* Sources */,
				7BE85DBB2014BDC200B73846 /* Frameworks */,
				7BE85DBC2014BDC200B73846 /* Resources */,
			);
			buildRules = (
			);
			dependencies = (
			);
			name = GiniAppsAdaptation;
			productName = GiniAppsAdaptation;
			productReference = 7BE85DBE2014BDC200B73846 /* GiniAppsAdaptation.app */;
			productType = "com.apple.product-type.application";
		};
		7BE85DD12014BDC200B73846 /* GiniAppsAdaptationTests */ = {
			isa = PBXNativeTarget;
			buildConfigurationList = 7BE85DE92014BDC200B73846 /* Build configuration list for PBXNativeTarget "GiniAppsAdaptationTests" */;
			buildPhases = (
				7BE85DCE2014BDC200B73846 /* Sources */,
				7BE85DCF2014BDC200B73846 /* Frameworks */,
				7BE85DD02014BDC200B73846 /* Resources */,
			);
			buildRules = (
			);
			dependencies = (
				7BE85DD42014BDC200B73846 /* PBXTargetDependency */,
			);
			name = GiniAppsAdaptationTests;
			productName = GiniAppsAdaptationTests;
			productReference = 7BE85DD22014BDC200B73846 /* GiniAppsAdaptationTests.xctest */;
			productType = "com.apple.product-type.bundle.unit-test";
		};
		7BE85DDC2014BDC200B73846 /* GiniAppsAdaptationUITests */ = {
			isa = PBXNativeTarget;
			buildConfigurationList = 7BE85DEC2014BDC200B73846 /* Build configuration list for PBXNativeTarget "GiniAppsAdaptationUITests" */;
			buildPhases = (
				7BE85DD92014BDC200B73846 /* Sources */,
				7BE85DDA2014BDC200B73846 /* Frameworks */,
				7BE85DDB2014BDC200B73846 /* Resources */,
			);
			buildRules = (
			);
			dependencies = (
				7BE85DDF2014BDC200B73846 /* PBXTargetDependency */,
			);
			name = GiniAppsAdaptationUITests;
			productName = GiniAppsAdaptationUITests;
			productReference = 7BE85DDD2014BDC200B73846 /* GiniAppsAdaptationUITests.xctest */;
			productType = "com.apple.product-type.bundle.ui-testing";
		};
/* End PBXNativeTarget section */

/* Begin PBXProject section */
		7BE85DB62014BDC100B73846 /* Project object */ = {
			isa = PBXProject;
			attributes = {
				LastSwiftUpdateCheck = 0920;
				LastUpgradeCheck = 0920;
				ORGANIZATIONNAME = "Gini-Apps";
				TargetAttributes = {
					7BE85DBD2014BDC200B73846 = {
						CreatedOnToolsVersion = 9.2;
						ProvisioningStyle = Automatic;
					};
					7BE85DD12014BDC200B73846 = {
						CreatedOnToolsVersion = 9.2;
						ProvisioningStyle = Automatic;
						TestTargetID = 7BE85DBD2014BDC200B73846;
					};
					7BE85DDC2014BDC200B73846 = {
						CreatedOnToolsVersion = 9.2;
						ProvisioningStyle = Automatic;
						TestTargetID = 7BE85DBD2014BDC200B73846;
					};
				};
			};
			buildConfigurationList = 7BE85DB92014BDC100B73846 /* Build configuration list for PBXProject "GiniAppsAdaptation" */;
			compatibilityVersion = "Xcode 8.0";
			developmentRegion = en;
			hasScannedForEncodings = 0;
			knownRegions = (
				en,
				Base,
			);
			mainGroup = 7BE85DB52014BDC100B73846;
			productRefGroup = 7BE85DBF2014BDC200B73846 /* Products */;
			projectDirPath = "";
			projectRoot = "";
			targets = (
				7BE85DBD2014BDC200B73846 /* GiniAppsAdaptation */,
				7BE85DD12014BDC200B73846 /* GiniAppsAdaptationTests */,
				7BE85DDC2014BDC200B73846 /* GiniAppsAdaptationUITests */,
			);
		};
/* End PBXProject section */

/* Begin PBXResourcesBuildPhase section */
		7BE85DBC2014BDC200B73846 /* Resources */ = {
			isa = PBXResourcesBuildPhase;
			buildActionMask = 2147483647;
			files = (
				7BE85DF52014BE5000B73846 /* PeopleTableViewCell.xib in Resources */,
				7BE85DCC2014BDC200B73846 /* LaunchScreen.storyboard in Resources */,
				7BE85DC92014BDC200B73846 /* Assets.xcassets in Resources */,
				7BE85DC72014BDC200B73846 /* Main.storyboard in Resources */,
			);
			runOnlyForDeploymentPostprocessing = 0;
		};
		7BE85DD02014BDC200B73846 /* Resources */ = {
			isa = PBXResourcesBuildPhase;
			buildActionMask = 2147483647;
			files = (
			);
			runOnlyForDeploymentPostprocessing = 0;
		};
		7BE85DDB2014BDC200B73846 /* Resources */ = {
			isa = PBXResourcesBuildPhase;
			buildActionMask = 2147483647;
			files = (
			);
			runOnlyForDeploymentPostprocessing = 0;
		};
/* End PBXResourcesBuildPhase section */

/* Begin PBXSourcesBuildPhase section */
		7BE85DBA2014BDC200B73846 /* Sources */ = {
			isa = PBXSourcesBuildPhase;
			buildActionMask = 2147483647;
			files = (
				7BE85DFB2014C0B900B73846 /* PeopleRequest.swift in Sources */,
				7BE85DF82014BE9E00B73846 /* People.swift in Sources */,
				7BE85DFD2014C10300B73846 /* HTTPRequest.swift in Sources */,
				7BE85DC22014BDC200B73846 /* AppDelegate.swift in Sources */,
				7BE85DF42014BE5000B73846 /* PeopleTableViewCell.swift in Sources */,
				7BE85DFF2014DAA000B73846 /* PeopleViewController.swift in Sources */,
			);
			runOnlyForDeploymentPostprocessing = 0;
		};
		7BE85DCE2014BDC200B73846 /* Sources */ = {
			isa = PBXSourcesBuildPhase;
			buildActionMask = 2147483647;
			files = (
				7BE85DD72014BDC200B73846 /* GiniAppsAdaptationTests.swift in Sources */,
			);
			runOnlyForDeploymentPostprocessing = 0;
		};
		7BE85DD92014BDC200B73846 /* Sources */ = {
			isa = PBXSourcesBuildPhase;
			buildActionMask = 2147483647;
			files = (
				7BE85DE22014BDC200B73846 /* GiniAppsAdaptationUITests.swift in Sources */,
			);
			runOnlyForDeploymentPostprocessing = 0;
		};
/* End PBXSourcesBuildPhase section */

/* Begin PBXTargetDependency section */
		7BE85DD42014BDC200B73846 /* PBXTargetDependency */ = {
			isa = PBXTargetDependency;
			target = 7BE85DBD2014BDC200B73846 /* GiniAppsAdaptation */;
			targetProxy = 7BE85DD32014BDC200B73846 /* PBXContainerItemProxy */;
		};
		7BE85DDF2014BDC200B73846 /* PBXTargetDependency */ = {
			isa = PBXTargetDependency;
			target = 7BE85DBD2014BDC200B73846 /* GiniAppsAdaptation */;
			targetProxy = 7BE85DDE2014BDC200B73846 /* PBXContainerItemProxy */;
		};
/* End PBXTargetDependency section */

/* Begin PBXVariantGroup section */
		7BE85DC52014BDC200B73846 /* Main.storyboard */ = {
			isa = PBXVariantGroup;
			children = (
				7BE85DC62014BDC200B73846 /* Base */,
			);
			name = Main.storyboard;
			sourceTree = "<group>";
		};
		7BE85DCA2014BDC200B73846 /* LaunchScreen.storyboard */ = {
			isa = PBXVariantGroup;
			children = (
				7BE85DCB2014BDC200B73846 /* Base */,
			);
			name = LaunchScreen.storyboard;
			sourceTree = "<group>";
		};
/* End PBXVariantGroup section */

/* Begin XCBuildConfiguration section */
		7BE85DE42014BDC200B73846 /* Debug */ = {
			isa = XCBuildConfiguration;
			buildSettings = {
				ALWAYS_SEARCH_USER_PATHS = NO;
				CLANG_ANALYZER_NONNULL = YES;
				CLANG_ANALYZER_NUMBER_OBJECT_CONVERSION = YES_AGGRESSIVE;
				CLANG_CXX_LANGUAGE_STANDARD = "gnu++14";
				CLANG_CXX_LIBRARY = "libc++";
				CLANG_ENABLE_MODULES = YES;
				CLANG_ENABLE_OBJC_ARC = YES;
				CLANG_WARN_BLOCK_CAPTURE_AUTORELEASING = YES;
				CLANG_WARN_BOOL_CONVERSION = YES;
				CLANG_WARN_COMMA = YES;
				CLANG_WARN_CONSTANT_CONVERSION = YES;
				CLANG_WARN_DIRECT_OBJC_ISA_USAGE = YES_ERROR;
				CLANG_WARN_DOCUMENTATION_COMMENTS = YES;
				CLANG_WARN_EMPTY_BODY = YES;
				CLANG_WARN_ENUM_CONVERSION = YES;
				CLANG_WARN_INFINITE_RECURSION = YES;
				CLANG_WARN_INT_CONVERSION = YES;
				CLANG_WARN_NON_LITERAL_NULL_CONVERSION = YES;
				CLANG_WARN_OBJC_LITERAL_CONVERSION = YES;
				CLANG_WARN_OBJC_ROOT_CLASS = YES_ERROR;
				CLANG_WARN_RANGE_LOOP_ANALYSIS = YES;
				CLANG_WARN_STRICT_PROTOTYPES = YES;
				CLANG_WARN_SUSPICIOUS_MOVE = YES;
				CLANG_WARN_UNGUARDED_AVAILABILITY = YES_AGGRESSIVE;
				CLANG_WARN_UNREACHABLE_CODE = YES;
				CLANG_WARN__DUPLICATE_METHOD_MATCH = YES;
				CODE_SIGN_IDENTITY = "iPhone Developer";
				COPY_PHASE_STRIP = NO;
				DEBUG_INFORMATION_FORMAT = dwarf;
				ENABLE_STRICT_OBJC_MSGSEND = YES;
				ENABLE_TESTABILITY = YES;
				GCC_C_LANGUAGE_STANDARD = gnu11;
				GCC_DYNAMIC_NO_PIC = NO;
				GCC_NO_COMMON_BLOCKS = YES;
				GCC_OPTIMIZATION_LEVEL = 0;
				GCC_PREPROCESSOR_DEFINITIONS = (
					"DEBUG=1",
					"$(inherited)",
				);
				GCC_WARN_64_TO_32_BIT_CONVERSION = YES;
				GCC_WARN_ABOUT_RETURN_TYPE = YES_ERROR;
				GCC_WARN_UNDECLARED_SELECTOR = YES;
				GCC_WARN_UNINITIALIZED_AUTOS = YES_AGGRESSIVE;
				GCC_WARN_UNUSED_FUNCTION = YES;
				GCC_WARN_UNUSED_VARIABLE = YES;
				IPHONEOS_DEPLOYMENT_TARGET = 11.2;
				MTL_ENABLE_DEBUG_INFO = YES;
				ONLY_ACTIVE_ARCH = YES;
				SDKROOT = iphoneos;
				SWIFT_ACTIVE_COMPILATION_CONDITIONS = DEBUG;
				SWIFT_OPTIMIZATION_LEVEL = "-Onone";
			};
			name = Debug;
		};
		7BE85DE52014BDC200B73846 /* Release */ = {
			isa = XCBuildConfiguration;
			buildSettings = {
				ALWAYS_SEARCH_USER_PATHS = NO;
				CLANG_ANALYZER_NONNULL = YES;
				CLANG_ANALYZER_NUMBER_OBJECT_CONVERSION = YES_AGGRESSIVE;
				CLANG_CXX_LANGUAGE_STANDARD = "gnu++14";
				CLANG_CXX_LIBRARY = "libc++";
				CLANG_ENABLE_MODULES = YES;
				CLANG_ENABLE_OBJC_ARC = YES;
				CLANG_WARN_BLOCK_CAPTURE_AUTORELEASING = YES;
				CLANG_WARN_BOOL_CONVERSION = YES;
				CLANG_WARN_COMMA = YES;
				CLANG_WARN_CONSTANT_CONVERSION = YES;
				CLANG_WARN_DIRECT_OBJC_ISA_USAGE = YES_ERROR;
				CLANG_WARN_DOCUMENTATION_COMMENTS = YES;
				CLANG_WARN_EMPTY_BODY = YES;
				CLANG_WARN_ENUM_CONVERSION = YES;
				CLANG_WARN_INFINITE_RECURSION = YES;
				CLANG_WARN_INT_CONVERSION = YES;
				CLANG_WARN_NON_LITERAL_NULL_CONVERSION = YES;
				CLANG_WARN_OBJC_LITERAL_CONVERSION = YES;
				CLANG_WARN_OBJC_ROOT_CLASS = YES_ERROR;
				CLANG_WARN_RANGE_LOOP_ANALYSIS = YES;
				CLANG_WARN_STRICT_PROTOTYPES = YES;
				CLANG_WARN_SUSPICIOUS_MOVE = YES;
				CLANG_WARN_UNGUARDED_AVAILABILITY = YES_AGGRESSIVE;
				CLANG_WARN_UNREACHABLE_CODE = YES;
				CLANG_WARN__DUPLICATE_METHOD_MATCH = YES;
				CODE_SIGN_IDENTITY = "iPhone Developer";
				COPY_PHASE_STRIP = NO;
				DEBUG_INFORMATION_FORMAT = "dwarf-with-dsym";
				ENABLE_NS_ASSERTIONS = NO;
				ENABLE_STRICT_OBJC_MSGSEND = YES;
				GCC_C_LANGUAGE_STANDARD = gnu11;
				GCC_NO_COMMON_BLOCKS = YES;
				GCC_WARN_64_TO_32_BIT_CONVERSION = YES;
				GCC_WARN_ABOUT_RETURN_TYPE = YES_ERROR;
				GCC_WARN_UNDECLARED_SELECTOR = YES;
				GCC_WARN_UNINITIALIZED_AUTOS = YES_AGGRESSIVE;
				GCC_WARN_UNUSED_FUNCTION = YES;
				GCC_WARN_UNUSED_VARIABLE = YES;
				IPHONEOS_DEPLOYMENT_TARGET = 11.2;
				MTL_ENABLE_DEBUG_INFO = NO;
				SDKROOT = iphoneos;
				SWIFT_OPTIMIZATION_LEVEL = "-Owholemodule";
				VALIDATE_PRODUCT = YES;
			};
			name = Release;
		};
		7BE85DE72014BDC200B73846 /* Debug */ = {
			isa = XCBuildConfiguration;
			buildSettings = {
				ASSETCATALOG_COMPILER_APPICON_NAME = AppIcon;
				CODE_SIGN_STYLE = Automatic;
				DEVELOPMENT_TEAM = 4WDRL2HN7M;
				INFOPLIST_FILE = GiniAppsAdaptation/Info.plist;
				LD_RUNPATH_SEARCH_PATHS = "$(inherited) @executable_path/Frameworks";
				PRODUCT_BUNDLE_IDENTIFIER = "Gini-Apps.GiniAppsAdaptation";
				PRODUCT_NAME = "$(TARGET_NAME)";
				SWIFT_VERSION = 4.0;
				TARGETED_DEVICE_FAMILY = "1,2";
			};
			name = Debug;
		};
		7BE85DE82014BDC200B73846 /* Release */ = {
			isa = XCBuildConfiguration;
			buildSettings = {
				ASSETCATALOG_COMPILER_APPICON_NAME = AppIcon;
				CODE_SIGN_STYLE = Automatic;
				DEVELOPMENT_TEAM = 4WDRL2HN7M;
				INFOPLIST_FILE = GiniAppsAdaptation/Info.plist;
				LD_RUNPATH_SEARCH_PATHS = "$(inherited) @executable_path/Frameworks";
				PRODUCT_BUNDLE_IDENTIFIER = "Gini-Apps.GiniAppsAdaptation";
				PRODUCT_NAME = "$(TARGET_NAME)";
				SWIFT_VERSION = 4.0;
				TARGETED_DEVICE_FAMILY = "1,2";
			};
			name = Release;
		};
		7BE85DEA2014BDC200B73846 /* Debug */ = {
			isa = XCBuildConfiguration;
			buildSettings = {
				ALWAYS_EMBED_SWIFT_STANDARD_LIBRARIES = YES;
				BUNDLE_LOADER = "$(TEST_HOST)";
				CODE_SIGN_STYLE = Automatic;
				INFOPLIST_FILE = GiniAppsAdaptationTests/Info.plist;
				LD_RUNPATH_SEARCH_PATHS = "$(inherited) @executable_path/Frameworks @loader_path/Frameworks";
				PRODUCT_BUNDLE_IDENTIFIER = "Gini-Apps.GiniAppsAdaptationTests";
				PRODUCT_NAME = "$(TARGET_NAME)";
				SWIFT_VERSION = 4.0;
				TARGETED_DEVICE_FAMILY = "1,2";
				TEST_HOST = "$(BUILT_PRODUCTS_DIR)/GiniAppsAdaptation.app/GiniAppsAdaptation";
			};
			name = Debug;
		};
		7BE85DEB2014BDC200B73846 /* Release */ = {
			isa = XCBuildConfiguration;
			buildSettings = {
				ALWAYS_EMBED_SWIFT_STANDARD_LIBRARIES = YES;
				BUNDLE_LOADER = "$(TEST_HOST)";
				CODE_SIGN_STYLE = Automatic;
				INFOPLIST_FILE = GiniAppsAdaptationTests/Info.plist;
				LD_RUNPATH_SEARCH_PATHS = "$(inherited) @executable_path/Frameworks @loader_path/Frameworks";
				PRODUCT_BUNDLE_IDENTIFIER = "Gini-Apps.GiniAppsAdaptationTests";
				PRODUCT_NAME = "$(TARGET_NAME)";
				SWIFT_VERSION = 4.0;
				TARGETED_DEVICE_FAMILY = "1,2";
				TEST_HOST = "$(BUILT_PRODUCTS_DIR)/GiniAppsAdaptation.app/GiniAppsAdaptation";
			};
			name = Release;
		};
		7BE85DED2014BDC200B73846 /* Debug */ = {
			isa = XCBuildConfiguration;
			buildSettings = {
				ALWAYS_EMBED_SWIFT_STANDARD_LIBRARIES = YES;
				CODE_SIGN_STYLE = Automatic;
				INFOPLIST_FILE = GiniAppsAdaptationUITests/Info.plist;
				LD_RUNPATH_SEARCH_PATHS = "$(inherited) @executable_path/Frameworks @loader_path/Frameworks";
				PRODUCT_BUNDLE_IDENTIFIER = "Gini-Apps.GiniAppsAdaptationUITests";
				PRODUCT_NAME = "$(TARGET_NAME)";
				SWIFT_VERSION = 4.0;
				TARGETED_DEVICE_FAMILY = "1,2";
				TEST_TARGET_NAME = GiniAppsAdaptation;
			};
			name = Debug;
		};
		7BE85DEE2014BDC200B73846 /* Release */ = {
			isa = XCBuildConfiguration;
			buildSettings = {
				ALWAYS_EMBED_SWIFT_STANDARD_LIBRARIES = YES;
				CODE_SIGN_STYLE = Automatic;
				INFOPLIST_FILE = GiniAppsAdaptationUITests/Info.plist;
				LD_RUNPATH_SEARCH_PATHS = "$(inherited) @executable_path/Frameworks @loader_path/Frameworks";
				PRODUCT_BUNDLE_IDENTIFIER = "Gini-Apps.GiniAppsAdaptationUITests";
				PRODUCT_NAME = "$(TARGET_NAME)";
				SWIFT_VERSION = 4.0;
				TARGETED_DEVICE_FAMILY = "1,2";
				TEST_TARGET_NAME = GiniAppsAdaptation;
			};
			name = Release;
		};
/* End XCBuildConfiguration section */

/* Begin XCConfigurationList section */
		7BE85DB92014BDC100B73846 /* Build configuration list for PBXProject "GiniAppsAdaptation" */ = {
			isa = XCConfigurationList;
			buildConfigurations = (
				7BE85DE42014BDC200B73846 /* Debug */,
				7BE85DE52014BDC200B73846 /* Release */,
			);
			defaultConfigurationIsVisible = 0;
			defaultConfigurationName = Release;
		};
		7BE85DE62014BDC200B73846 /* Build configuration list for PBXNativeTarget "GiniAppsAdaptation" */ = {
			isa = XCConfigurationList;
			buildConfigurations = (
				7BE85DE72014BDC200B73846 /* Debug */,
				7BE85DE82014BDC200B73846 /* Release */,
			);
			defaultConfigurationIsVisible = 0;
			defaultConfigurationName = Release;
		};
		7BE85DE92014BDC200B73846 /* Build configuration list for PBXNativeTarget "GiniAppsAdaptationTests" */ = {
			isa = XCConfigurationList;
			buildConfigurations = (
				7BE85DEA2014BDC200B73846 /* Debug */,
				7BE85DEB2014BDC200B73846 /* Release */,
			);
			defaultConfigurationIsVisible = 0;
			defaultConfigurationName = Release;
		};
		7BE85DEC2014BDC200B73846 /* Build configuration list for PBXNativeTarget "GiniAppsAdaptationUITests" */ = {
			isa = XCConfigurationList;
			buildConfigurations = (
				7BE85DED2014BDC200B73846 /* Debug */,
				7BE85DEE2014BDC200B73846 /* Release */,
			);
			defaultConfigurationIsVisible = 0;
			defaultConfigurationName = Release;
		};
/* End XCConfigurationList section */
	};
	rootObject = 7BE85DB62014BDC100B73846 /* Project object */;
}
